// !$*UTF8*$!
{
	archiveVersion = 1;
	classes = {
	};
	objectVersion = 46;
	objects = {

/* Begin PBXBuildFile section */
		8478E348157362C300EE43B3 /* ExampleController.m in Sources */ = {isa = PBXBuildFile; fileRef = 8478E347157362C300EE43B3 /* ExampleController.m */; };
		847A13A3154A74EB00F67CF1 /* UIKit.framework in Frameworks */ = {isa = PBXBuildFile; fileRef = 847A13A2154A74EB00F67CF1 /* UIKit.framework */; };
		847A13A5154A74EB00F67CF1 /* Foundation.framework in Frameworks */ = {isa = PBXBuildFile; fileRef = 847A13A4154A74EB00F67CF1 /* Foundation.framework */; };
		847A13A7154A74EB00F67CF1 /* CoreGraphics.framework in Frameworks */ = {isa = PBXBuildFile; fileRef = 847A13A6154A74EB00F67CF1 /* CoreGraphics.framework */; };
		847A13AD154A74EB00F67CF1 /* InfoPlist.strings in Resources */ = {isa = PBXBuildFile; fileRef = 847A13AB154A74EB00F67CF1 /* InfoPlist.strings */; };
		847A13AF154A74EB00F67CF1 /* main.m in Sources */ = {isa = PBXBuildFile; fileRef = 847A13AE154A74EB00F67CF1 /* main.m */; };
		847A13B3154A74EB00F67CF1 /* AppDelegate.m in Sources */ = {isa = PBXBuildFile; fileRef = 847A13B2154A74EB00F67CF1 /* AppDelegate.m */; };
		847A13B6154A74EB00F67CF1 /* MainStoryboard.storyboard in Resources */ = {isa = PBXBuildFile; fileRef = 847A13B4154A74EB00F67CF1 /* MainStoryboard.storyboard */; };
		847A13B9154A74EB00F67CF1 /* ViewController.m in Sources */ = {isa = PBXBuildFile; fileRef = 847A13B8154A74EB00F67CF1 /* ViewController.m */; };
/* End PBXBuildFile section */

/* Begin PBXFileReference section */
		8478E346157362C300EE43B3 /* ExampleController.h */ = {isa = PBXFileReference; fileEncoding = 4; lastKnownFileType = sourcecode.c.h; path = ExampleController.h; sourceTree = "<group>"; };
		8478E347157362C300EE43B3 /* ExampleController.m */ = {isa = PBXFileReference; fileEncoding = 4; lastKnownFileType = sourcecode.c.objc; path = ExampleController.m; sourceTree = "<group>"; };
		847A139E154A74EB00F67CF1 /* fastcalc.app */ = {isa = PBXFileReference; explicitFileType = wrapper.application; includeInIndex = 0; path = fastcalc.app; sourceTree = BUILT_PRODUCTS_DIR; };
		847A13A2154A74EB00F67CF1 /* UIKit.framework */ = {isa = PBXFileReference; lastKnownFileType = wrapper.framework; name = UIKit.framework; path = System/Library/Frameworks/UIKit.framework; sourceTree = SDKROOT; };
		847A13A4154A74EB00F67CF1 /* Foundation.framework */ = {isa = PBXFileReference; lastKnownFileType = wrapper.framework; name = Foundation.framework; path = System/Library/Frameworks/Foundation.framework; sourceTree = SDKROOT; };
		847A13A6154A74EB00F67CF1 /* CoreGraphics.framework */ = {isa = PBXFileReference; lastKnownFileType = wrapper.framework; name = CoreGraphics.framework; path = System/Library/Frameworks/CoreGraphics.framework; sourceTree = SDKROOT; };
		847A13AA154A74EB00F67CF1 /* fastcalc-Info.plist */ = {isa = PBXFileReference; lastKnownFileType = text.plist.xml; path = "fastcalc-Info.plist"; sourceTree = "<group>"; };
		847A13AC154A74EB00F67CF1 /* en */ = {isa = PBXFileReference; lastKnownFileType = text.plist.strings; name = en; path = en.lproj/InfoPlist.strings; sourceTree = "<group>"; };
		847A13AE154A74EB00F67CF1 /* main.m */ = {isa = PBXFileReference; lastKnownFileType = sourcecode.c.objc; path = main.m; sourceTree = "<group>"; };
		847A13B0154A74EB00F67CF1 /* fastcalc-Prefix.pch */ = {isa = PBXFileReference; lastKnownFileType = sourcecode.c.h; path = "fastcalc-Prefix.pch"; sourceTree = "<group>"; };
		847A13B1154A74EB00F67CF1 /* AppDelegate.h */ = {isa = PBXFileReference; lastKnownFileType = sourcecode.c.h; path = AppDelegate.h; sourceTree = "<group>"; };
		847A13B2154A74EB00F67CF1 /* AppDelegate.m */ = {isa = PBXFileReference; lastKnownFileType = sourcecode.c.objc; path = AppDelegate.m; sourceTree = "<group>"; };
		847A13B5154A74EB00F67CF1 /* en */ = {isa = PBXFileReference; lastKnownFileType = file.storyboard; name = en; path = en.lproj/MainStoryboard.storyboard; sourceTree = "<group>"; };
		847A13B7154A74EB00F67CF1 /* ViewController.h */ = {isa = PBXFileReference; lastKnownFileType = sourcecode.c.h; path = ViewController.h; sourceTree = "<group>"; };
		847A13B8154A74EB00F67CF1 /* ViewController.m */ = {isa = PBXFileReference; lastKnownFileType = sourcecode.c.objc; path = ViewController.m; sourceTree = "<group>"; };
/* End PBXFileReference section */

/* Begin PBXFrameworksBuildPhase section */
		847A139B154A74EB00F67CF1 /* Frameworks */ = {
			isa = PBXFrameworksBuildPhase;
			buildActionMask = 2147483647;
			files = (
				847A13A3154A74EB00F67CF1 /* UIKit.framework in Frameworks */,
				847A13A5154A74EB00F67CF1 /* Foundation.framework in Frameworks */,
				847A13A7154A74EB00F67CF1 /* CoreGraphics.framework in Frameworks */,
			);
			runOnlyForDeploymentPostprocessing = 0;
		};
/* End PBXFrameworksBuildPhase section */

/* Begin PBXGroup section */
		847A1393154A74EB00F67CF1 = {
			isa = PBXGroup;
			children = (
				847A13A8154A74EB00F67CF1 /* fastcalc */,
				847A13A1154A74EB00F67CF1 /* Frameworks */,
				847A139F154A74EB00F67CF1 /* Products */,
			);
			sourceTree = "<group>";
		};
		847A139F154A74EB00F67CF1 /* Products */ = {
			isa = PBXGroup;
			children = (
				847A139E154A74EB00F67CF1 /* fastcalc.app */,
			);
			name = Products;
			sourceTree = "<group>";
		};
		847A13A1154A74EB00F67CF1 /* Frameworks */ = {
			isa = PBXGroup;
			children = (
				847A13A2154A74EB00F67CF1 /* UIKit.framework */,
				847A13A4154A74EB00F67CF1 /* Foundation.framework */,
				847A13A6154A74EB00F67CF1 /* CoreGraphics.framework */,
			);
			name = Frameworks;
			sourceTree = "<group>";
		};
		847A13A8154A74EB00F67CF1 /* fastcalc */ = {
			isa = PBXGroup;
			children = (
				847A13B1154A74EB00F67CF1 /* AppDelegate.h */,
				847A13B2154A74EB00F67CF1 /* AppDelegate.m */,
				847A13B4154A74EB00F67CF1 /* MainStoryboard.storyboard */,
				847A13B7154A74EB00F67CF1 /* ViewController.h */,
				847A13B8154A74EB00F67CF1 /* ViewController.m */,
				8478E346157362C300EE43B3 /* ExampleController.h */,
				8478E347157362C300EE43B3 /* ExampleController.m */,
				847A13A9154A74EB00F67CF1 /* Supporting Files */,
			);
			path = fastcalc;
			sourceTree = "<group>";
		};
		847A13A9154A74EB00F67CF1 /* Supporting Files */ = {
			isa = PBXGroup;
			children = (
				847A13AA154A74EB00F67CF1 /* fastcalc-Info.plist */,
				847A13AB154A74EB00F67CF1 /* InfoPlist.strings */,
				847A13AE154A74EB00F67CF1 /* main.m */,
				847A13B0154A74EB00F67CF1 /* fastcalc-Prefix.pch */,
			);
			name = "Supporting Files";
			sourceTree = "<group>";
		};
/* End PBXGroup section */

/* Begin PBXNativeTarget section */
		847A139D154A74EB00F67CF1 /* fastcalc */ = {
			isa = PBXNativeTarget;
			buildConfigurationList = 847A13BC154A74EB00F67CF1 /* Build configuration list for PBXNativeTarget "fastcalc" */;
			buildPhases = (
				847A139A154A74EB00F67CF1 /* Sources */,
				847A139B154A74EB00F67CF1 /* Frameworks */,
				847A139C154A74EB00F67CF1 /* Resources */,
			);
			buildRules = (
			);
			dependencies = (
			);
			name = fastcalc;
			productName = fastcalc;
			productReference = 847A139E154A74EB00F67CF1 /* fastcalc.app */;
			productType = "com.apple.product-type.application";
		};
/* End PBXNativeTarget section */

/* Begin PBXProject section */
		847A1395154A74EB00F67CF1 /* Project object */ = {
			isa = PBXProject;
			attributes = {
				LastUpgradeCheck = 0430;
			};
			buildConfigurationList = 847A1398154A74EB00F67CF1 /* Build configuration list for PBXProject "fastcalc" */;
			compatibilityVersion = "Xcode 3.2";
			developmentRegion = English;
			hasScannedForEncodings = 0;
			knownRegions = (
				en,
			);
			mainGroup = 847A1393154A74EB00F67CF1;
			productRefGroup = 847A139F154A74EB00F67CF1 /* Products */;
			projectDirPath = "";
			projectRoot = "";
			targets = (
				847A139D154A74EB00F67CF1 /* fastcalc */,
			);
		};
/* End PBXProject section */

/* Begin PBXResourcesBuildPhase section */
		847A139C154A74EB00F67CF1 /* Resources */ = {
			isa = PBXResourcesBuildPhase;
			buildActionMask = 2147483647;
			files = (
				847A13AD154A74EB00F67CF1 /* InfoPlist.strings in Resources */,
				847A13B6154A74EB00F67CF1 /* MainStoryboard.storyboard in Resources */,
			);
			runOnlyForDeploymentPostprocessing = 0;
		};
/* End PBXResourcesBuildPhase section */

/* Begin PBXSourcesBuildPhase section */
		847A139A154A74EB00F67CF1 /* Sources */ = {
			isa = PBXSourcesBuildPhase;
			buildActionMask = 2147483647;
			files = (
				847A13AF154A74EB00F67CF1 /* main.m in Sources */,
				847A13B3154A74EB00F67CF1 /* AppDelegate.m in Sources */,
				847A13B9154A74EB00F67CF1 /* ViewController.m in Sources */,
				8478E348157362C300EE43B3 /* ExampleController.m in Sources */,
			);
			runOnlyForDeploymentPostprocessing = 0;
		};
/* End PBXSourcesBuildPhase section */

/* Begin PBXVariantGroup section */
		847A13AB154A74EB00F67CF1 /* InfoPlist.strings */ = {
			isa = PBXVariantGroup;
			children = (
				847A13AC154A74EB00F67CF1 /* en */,
			);
			name = InfoPlist.strings;
			sourceTree = "<group>";
		};
		847A13B4154A74EB00F67CF1 /* MainStoryboard.storyboard */ = {
			isa = PBXVariantGroup;
			children = (
				847A13B5154A74EB00F67CF1 /* en */,
			);
			name = MainStoryboard.storyboard;
			sourceTree = "<group>";
		};
/* End PBXVariantGroup section */

/* Begin XCBuildConfiguration section */
		847A13BA154A74EB00F67CF1 /* Debug */ = {
			isa = XCBuildConfiguration;
			buildSettings = {
				ALWAYS_SEARCH_USER_PATHS = NO;
				ARCHS = "$(ARCHS_STANDARD_32_BIT)";
				"CODE_SIGN_IDENTITY[sdk=iphoneos*]" = "iPhone Developer";
				COPY_PHASE_STRIP = NO;
				GCC_C_LANGUAGE_STANDARD = gnu99;
				GCC_DYNAMIC_NO_PIC = NO;
				GCC_OPTIMIZATION_LEVEL = 0;
				GCC_PREPROCESSOR_DEFINITIONS = (
					"DEBUG=1",
					"$(inherited)",
				);
				GCC_SYMBOLS_PRIVATE_EXTERN = NO;
				GCC_VERSION = com.apple.compilers.llvm.clang.1_0;
				GCC_WARN_ABOUT_RETURN_TYPE = YES;
				GCC_WARN_UNINITIALIZED_AUTOS = YES;
				GCC_WARN_UNUSED_VARIABLE = YES;
				IPHONEOS_DEPLOYMENT_TARGET = 5.1;
				SDKROOT = iphoneos;
			};
			name = Debug;
		};
		847A13BB154A74EB00F67CF1 /* Release */ = {
			isa = XCBuildConfiguration;
			buildSettings = {
				ALWAYS_SEARCH_USER_PATHS = NO;
				ARCHS = "$(ARCHS_STANDARD_32_BIT)";
				"CODE_SIGN_IDENTITY[sdk=iphoneos*]" = "iPhone Developer";
				COPY_PHASE_STRIP = YES;
				GCC_C_LANGUAGE_STANDARD = gnu99;
				GCC_VERSION = com.apple.compilers.llvm.clang.1_0;
				GCC_WARN_ABOUT_RETURN_TYPE = YES;
				GCC_WARN_UNINITIALIZED_AUTOS = YES;
				GCC_WARN_UNUSED_VARIABLE = YES;
				IPHONEOS_DEPLOYMENT_TARGET = 5.1;
				OTHER_CFLAGS = "-DNS_BLOCK_ASSERTIONS=1";
				SDKROOT = iphoneos;
				VALIDATE_PRODUCT = YES;
			};
			name = Release;
		};
		847A13BD154A74EB00F67CF1 /* Debug */ = {
			isa = XCBuildConfiguration;
			buildSettings = {
				GCC_PRECOMPILE_PREFIX_HEADER = YES;
				GCC_PREFIX_HEADER = "fastcalc/fastcalc-Prefix.pch";
				INFOPLIST_FILE = "fastcalc/fastcalc-Info.plist";
				PRODUCT_NAME = "$(TARGET_NAME)";
				WRAPPER_EXTENSION = app;
			};
			name = Debug;
		};
		847A13BE154A74EB00F67CF1 /* Release */ = {
			isa = XCBuildConfiguration;
			buildSettings = {
				GCC_PRECOMPILE_PREFIX_HEADER = YES;
				GCC_PREFIX_HEADER = "fastcalc/fastcalc-Prefix.pch";
				INFOPLIST_FILE = "fastcalc/fastcalc-Info.plist";
				PRODUCT_NAME = "$(TARGET_NAME)";
				WRAPPER_EXTENSION = app;
			};
			name = Release;
		};
/* End XCBuildConfiguration section */

/* Begin XCConfigurationList section */
		847A1398154A74EB00F67CF1 /* Build configuration list for PBXProject "fastcalc" */ = {
			isa = XCConfigurationList;
			buildConfigurations = (
				847A13BA154A74EB00F67CF1 /* Debug */,
				847A13BB154A74EB00F67CF1 /* Release */,
			);
			defaultConfigurationIsVisible = 0;
			defaultConfigurationName = Release;
		};
		847A13BC154A74EB00F67CF1 /* Build configuration list for PBXNativeTarget "fastcalc" */ = {
			isa = XCConfigurationList;
			buildConfigurations = (
				847A13BD154A74EB00F67CF1 /* Debug */,
				847A13BE154A74EB00F67CF1 /* Release */,
			);
			defaultConfigurationIsVisible = 0;
			defaultConfigurationName = Release;
		};
/* End XCConfigurationList section */
	};
	rootObject = 847A1395154A74EB00F67CF1 /* Project object */;
}
