// !$*UTF8*$!
{
	archiveVersion = 1;
	classes = {
	};
	objectVersion = 46;
	objects = {

/* Begin PBXBuildFile section */
		2FA882D7157D46E5005DF341 /* DDMenuController.entitlements in Resources */ = {isa = PBXBuildFile; fileRef = 2FA882D6157D46E5005DF341 /* DDMenuController.entitlements */; };
		2FA882DB157D4764005DF341 /* MenuViewController.m in Sources */ = {isa = PBXBuildFile; fileRef = 2FA882DA157D4764005DF341 /* MenuViewController.m */; };
		2FA882DD157D48F0005DF341 /* QuartzCore.framework in Frameworks */ = {isa = PBXBuildFile; fileRef = 2FA882DC157D48F0005DF341 /* QuartzCore.framework */; };
		844243CB157CCC6200F156A1 /* MenuCell.xib in Resources */ = {isa = PBXBuildFile; fileRef = 844243CA157CCC6200F156A1 /* MenuCell.xib */; };
		844243CF157CCC8000F156A1 /* MenuCell.m in Sources */ = {isa = PBXBuildFile; fileRef = 844243CE157CCC8000F156A1 /* MenuCell.m */; };
		8478CF4D1579EF73001F0054 /* NSObject+SBJSON.m in Sources */ = {isa = PBXBuildFile; fileRef = 8478CF421579EF73001F0054 /* NSObject+SBJSON.m */; };
		8478CF4E1579EF73001F0054 /* NSString+SBJSON.m in Sources */ = {isa = PBXBuildFile; fileRef = 8478CF441579EF73001F0054 /* NSString+SBJSON.m */; };
		8478CF4F1579EF73001F0054 /* SBJSON.m in Sources */ = {isa = PBXBuildFile; fileRef = 8478CF461579EF73001F0054 /* SBJSON.m */; };
		8478CF501579EF73001F0054 /* SBJsonBase.m in Sources */ = {isa = PBXBuildFile; fileRef = 8478CF481579EF73001F0054 /* SBJsonBase.m */; };
		8478CF511579EF73001F0054 /* SBJsonParser.m in Sources */ = {isa = PBXBuildFile; fileRef = 8478CF4A1579EF73001F0054 /* SBJsonParser.m */; };
		8478CF521579EF73001F0054 /* SBJsonWriter.m in Sources */ = {isa = PBXBuildFile; fileRef = 8478CF4C1579EF73001F0054 /* SBJsonWriter.m */; };
		8478CF561579F0F7001F0054 /* MLocationGetter.m in Sources */ = {isa = PBXBuildFile; fileRef = 8478CF551579F0F7001F0054 /* MLocationGetter.m */; };
		8478CF581579F103001F0054 /* CoreLocation.framework in Frameworks */ = {isa = PBXBuildFile; fileRef = 8478CF571579F103001F0054 /* CoreLocation.framework */; };
		8478CF66157A130C001F0054 /* ApplicationSingleton.m in Sources */ = {isa = PBXBuildFile; fileRef = 8478CF65157A130C001F0054 /* ApplicationSingleton.m */; };
		84794DF51578A143004010F7 /* UIKit.framework in Frameworks */ = {isa = PBXBuildFile; fileRef = 84794DF41578A143004010F7 /* UIKit.framework */; };
		84794DF71578A143004010F7 /* Foundation.framework in Frameworks */ = {isa = PBXBuildFile; fileRef = 84794DF61578A143004010F7 /* Foundation.framework */; };
		84794DF91578A143004010F7 /* CoreGraphics.framework in Frameworks */ = {isa = PBXBuildFile; fileRef = 84794DF81578A143004010F7 /* CoreGraphics.framework */; };
		84794DFF1578A143004010F7 /* InfoPlist.strings in Resources */ = {isa = PBXBuildFile; fileRef = 84794DFD1578A143004010F7 /* InfoPlist.strings */; };
		84794E011578A143004010F7 /* main.m in Sources */ = {isa = PBXBuildFile; fileRef = 84794E001578A143004010F7 /* main.m */; };
		84794E051578A143004010F7 /* AppDelegate.m in Sources */ = {isa = PBXBuildFile; fileRef = 84794E041578A143004010F7 /* AppDelegate.m */; };
		84794E171578A31B004010F7 /* ChooseViewController.m in Sources */ = {isa = PBXBuildFile; fileRef = 84794E151578A31B004010F7 /* ChooseViewController.m */; };
		84794E181578A31B004010F7 /* ChooseViewController.xib in Resources */ = {isa = PBXBuildFile; fileRef = 84794E161578A31B004010F7 /* ChooseViewController.xib */; };
		84794E231578A569004010F7 /* Reachability.m in Sources */ = {isa = PBXBuildFile; fileRef = 84794E221578A569004010F7 /* Reachability.m */; };
		84794E261578A582004010F7 /* InternetUtils.m in Sources */ = {isa = PBXBuildFile; fileRef = 84794E251578A582004010F7 /* InternetUtils.m */; };
		84794E281578A740004010F7 /* SystemConfiguration.framework in Frameworks */ = {isa = PBXBuildFile; fileRef = 84794E271578A740004010F7 /* SystemConfiguration.framework */; };
		847B60D1157C95DD00BC8B89 /* MainViewController.m in Sources */ = {isa = PBXBuildFile; fileRef = 847B60CF157C95DD00BC8B89 /* MainViewController.m */; };
		847B60D2157C95DD00BC8B89 /* MainViewController.xib in Resources */ = {isa = PBXBuildFile; fileRef = 847B60D0157C95DD00BC8B89 /* MainViewController.xib */; };
		847B60D6157C988700BC8B89 /* PriceTableViewController.m in Sources */ = {isa = PBXBuildFile; fileRef = 847B60D5157C988700BC8B89 /* PriceTableViewController.m */; };
		847B60D9157C98CC00BC8B89 /* MenuTableViewController.m in Sources */ = {isa = PBXBuildFile; fileRef = 847B60D8157C98CC00BC8B89 /* MenuTableViewController.m */; };
		847B60DE157CC66600BC8B89 /* backgorund.png in Resources */ = {isa = PBXBuildFile; fileRef = 847B60DD157CC66600BC8B89 /* backgorund.png */; };
		847B60E0157CC69900BC8B89 /* calc-bg.png in Resources */ = {isa = PBXBuildFile; fileRef = 847B60DF157CC69900BC8B89 /* calc-bg.png */; };
		847B60E5157CC6B100BC8B89 /* cell-off.png in Resources */ = {isa = PBXBuildFile; fileRef = 847B60E1157CC6B100BC8B89 /* cell-off.png */; };
		847B60E6157CC6B100BC8B89 /* cell-on.png in Resources */ = {isa = PBXBuildFile; fileRef = 847B60E2157CC6B100BC8B89 /* cell-on.png */; };
		847B60E7157CC6B100BC8B89 /* chose-bg.png in Resources */ = {isa = PBXBuildFile; fileRef = 847B60E3157CC6B100BC8B89 /* chose-bg.png */; };
		847B60E8157CC6B100BC8B89 /* table-mask.png in Resources */ = {isa = PBXBuildFile; fileRef = 847B60E4157CC6B100BC8B89 /* table-mask.png */; };
		847B60ED157CC97200BC8B89 /* PriceCell.m in Sources */ = {isa = PBXBuildFile; fileRef = 847B60EC157CC97200BC8B89 /* PriceCell.m */; };
		847B60EF157CC9BB00BC8B89 /* PriceCell.xib in Resources */ = {isa = PBXBuildFile; fileRef = 847B60EE157CC9BB00BC8B89 /* PriceCell.xib */; };
		84800197157F327D00457ADB /* chek_top.png in Resources */ = {isa = PBXBuildFile; fileRef = 84800196157F327D00457ADB /* chek_top.png */; };
		849B2FCF1580907100D53A99 /* icon-114x114.png in Resources */ = {isa = PBXBuildFile; fileRef = 849B2FCE1580907100D53A99 /* icon-114x114.png */; };
		84AC123C157F90B900FBD95F /* paper_texture.png in Resources */ = {isa = PBXBuildFile; fileRef = 84AC123B157F90B900FBD95F /* paper_texture.png */; };
/* End PBXBuildFile section */

/* Begin PBXFileReference section */
		2FA882D6157D46E5005DF341 /* DDMenuController.entitlements */ = {isa = PBXFileReference; fileEncoding = 4; lastKnownFileType = text.xml; path = DDMenuController.entitlements; sourceTree = "<group>"; };
		2FA882D9157D4764005DF341 /* MenuViewController.h */ = {isa = PBXFileReference; fileEncoding = 4; lastKnownFileType = sourcecode.c.h; path = MenuViewController.h; sourceTree = "<group>"; };
		2FA882DA157D4764005DF341 /* MenuViewController.m */ = {isa = PBXFileReference; fileEncoding = 4; lastKnownFileType = sourcecode.c.objc; path = MenuViewController.m; sourceTree = "<group>"; };
		2FA882DC157D48F0005DF341 /* QuartzCore.framework */ = {isa = PBXFileReference; lastKnownFileType = wrapper.framework; name = QuartzCore.framework; path = System/Library/Frameworks/QuartzCore.framework; sourceTree = SDKROOT; };
		844243CA157CCC6200F156A1 /* MenuCell.xib */ = {isa = PBXFileReference; fileEncoding = 4; lastKnownFileType = file.xib; path = MenuCell.xib; sourceTree = "<group>"; };
		844243CD157CCC8000F156A1 /* MenuCell.h */ = {isa = PBXFileReference; fileEncoding = 4; lastKnownFileType = sourcecode.c.h; path = MenuCell.h; sourceTree = "<group>"; };
		844243CE157CCC8000F156A1 /* MenuCell.m */ = {isa = PBXFileReference; fileEncoding = 4; lastKnownFileType = sourcecode.c.objc; path = MenuCell.m; sourceTree = "<group>"; };
		8478CF401579EF73001F0054 /* JSON.h */ = {isa = PBXFileReference; fileEncoding = 4; lastKnownFileType = sourcecode.c.h; path = JSON.h; sourceTree = "<group>"; };
		8478CF411579EF73001F0054 /* NSObject+SBJSON.h */ = {isa = PBXFileReference; fileEncoding = 4; lastKnownFileType = sourcecode.c.h; path = "NSObject+SBJSON.h"; sourceTree = "<group>"; };
		8478CF421579EF73001F0054 /* NSObject+SBJSON.m */ = {isa = PBXFileReference; fileEncoding = 4; lastKnownFileType = sourcecode.c.objc; path = "NSObject+SBJSON.m"; sourceTree = "<group>"; };
		8478CF431579EF73001F0054 /* NSString+SBJSON.h */ = {isa = PBXFileReference; fileEncoding = 4; lastKnownFileType = sourcecode.c.h; path = "NSString+SBJSON.h"; sourceTree = "<group>"; };
		8478CF441579EF73001F0054 /* NSString+SBJSON.m */ = {isa = PBXFileReference; fileEncoding = 4; lastKnownFileType = sourcecode.c.objc; path = "NSString+SBJSON.m"; sourceTree = "<group>"; };
		8478CF451579EF73001F0054 /* SBJSON.h */ = {isa = PBXFileReference; fileEncoding = 4; lastKnownFileType = sourcecode.c.h; path = SBJSON.h; sourceTree = "<group>"; };
		8478CF461579EF73001F0054 /* SBJSON.m */ = {isa = PBXFileReference; fileEncoding = 4; lastKnownFileType = sourcecode.c.objc; path = SBJSON.m; sourceTree = "<group>"; };
		8478CF471579EF73001F0054 /* SBJsonBase.h */ = {isa = PBXFileReference; fileEncoding = 4; lastKnownFileType = sourcecode.c.h; path = SBJsonBase.h; sourceTree = "<group>"; };
		8478CF481579EF73001F0054 /* SBJsonBase.m */ = {isa = PBXFileReference; fileEncoding = 4; lastKnownFileType = sourcecode.c.objc; path = SBJsonBase.m; sourceTree = "<group>"; };
		8478CF491579EF73001F0054 /* SBJsonParser.h */ = {isa = PBXFileReference; fileEncoding = 4; lastKnownFileType = sourcecode.c.h; path = SBJsonParser.h; sourceTree = "<group>"; };
		8478CF4A1579EF73001F0054 /* SBJsonParser.m */ = {isa = PBXFileReference; fileEncoding = 4; lastKnownFileType = sourcecode.c.objc; path = SBJsonParser.m; sourceTree = "<group>"; };
		8478CF4B1579EF73001F0054 /* SBJsonWriter.h */ = {isa = PBXFileReference; fileEncoding = 4; lastKnownFileType = sourcecode.c.h; path = SBJsonWriter.h; sourceTree = "<group>"; };
		8478CF4C1579EF73001F0054 /* SBJsonWriter.m */ = {isa = PBXFileReference; fileEncoding = 4; lastKnownFileType = sourcecode.c.objc; path = SBJsonWriter.m; sourceTree = "<group>"; };
		8478CF541579F0F7001F0054 /* MLocationGetter.h */ = {isa = PBXFileReference; fileEncoding = 4; lastKnownFileType = sourcecode.c.h; path = MLocationGetter.h; sourceTree = "<group>"; };
		8478CF551579F0F7001F0054 /* MLocationGetter.m */ = {isa = PBXFileReference; fileEncoding = 4; lastKnownFileType = sourcecode.c.objc; path = MLocationGetter.m; sourceTree = "<group>"; };
		8478CF571579F103001F0054 /* CoreLocation.framework */ = {isa = PBXFileReference; lastKnownFileType = wrapper.framework; name = CoreLocation.framework; path = System/Library/Frameworks/CoreLocation.framework; sourceTree = SDKROOT; };
		8478CF64157A130C001F0054 /* ApplicationSingleton.h */ = {isa = PBXFileReference; fileEncoding = 4; lastKnownFileType = sourcecode.c.h; path = ApplicationSingleton.h; sourceTree = "<group>"; };
		8478CF65157A130C001F0054 /* ApplicationSingleton.m */ = {isa = PBXFileReference; fileEncoding = 4; lastKnownFileType = sourcecode.c.objc; path = ApplicationSingleton.m; sourceTree = "<group>"; };
		84794DF01578A143004010F7 /* FastCalc.app */ = {isa = PBXFileReference; explicitFileType = wrapper.application; includeInIndex = 0; path = FastCalc.app; sourceTree = BUILT_PRODUCTS_DIR; };
		84794DF41578A143004010F7 /* UIKit.framework */ = {isa = PBXFileReference; lastKnownFileType = wrapper.framework; name = UIKit.framework; path = System/Library/Frameworks/UIKit.framework; sourceTree = SDKROOT; };
		84794DF61578A143004010F7 /* Foundation.framework */ = {isa = PBXFileReference; lastKnownFileType = wrapper.framework; name = Foundation.framework; path = System/Library/Frameworks/Foundation.framework; sourceTree = SDKROOT; };
		84794DF81578A143004010F7 /* CoreGraphics.framework */ = {isa = PBXFileReference; lastKnownFileType = wrapper.framework; name = CoreGraphics.framework; path = System/Library/Frameworks/CoreGraphics.framework; sourceTree = SDKROOT; };
		84794DFC1578A143004010F7 /* FastCalc-Info.plist */ = {isa = PBXFileReference; lastKnownFileType = text.plist.xml; path = "FastCalc-Info.plist"; sourceTree = "<group>"; };
		84794DFE1578A143004010F7 /* en */ = {isa = PBXFileReference; lastKnownFileType = text.plist.strings; name = en; path = en.lproj/InfoPlist.strings; sourceTree = "<group>"; };
		84794E001578A143004010F7 /* main.m */ = {isa = PBXFileReference; lastKnownFileType = sourcecode.c.objc; path = main.m; sourceTree = "<group>"; };
		84794E021578A143004010F7 /* FastCalc-Prefix.pch */ = {isa = PBXFileReference; lastKnownFileType = sourcecode.c.h; path = "FastCalc-Prefix.pch"; sourceTree = "<group>"; };
		84794E031578A143004010F7 /* AppDelegate.h */ = {isa = PBXFileReference; lastKnownFileType = sourcecode.c.h; path = AppDelegate.h; sourceTree = "<group>"; };
		84794E041578A143004010F7 /* AppDelegate.m */ = {isa = PBXFileReference; lastKnownFileType = sourcecode.c.objc; path = AppDelegate.m; sourceTree = "<group>"; };
		84794E141578A31B004010F7 /* ChooseViewController.h */ = {isa = PBXFileReference; fileEncoding = 4; lastKnownFileType = sourcecode.c.h; path = ChooseViewController.h; sourceTree = "<group>"; };
		84794E151578A31B004010F7 /* ChooseViewController.m */ = {isa = PBXFileReference; fileEncoding = 4; lastKnownFileType = sourcecode.c.objc; path = ChooseViewController.m; sourceTree = "<group>"; };
		84794E161578A31B004010F7 /* ChooseViewController.xib */ = {isa = PBXFileReference; fileEncoding = 4; lastKnownFileType = file.xib; path = ChooseViewController.xib; sourceTree = "<group>"; };
		84794E211578A569004010F7 /* Reachability.h */ = {isa = PBXFileReference; fileEncoding = 4; lastKnownFileType = sourcecode.c.h; path = Reachability.h; sourceTree = "<group>"; };
		84794E221578A569004010F7 /* Reachability.m */ = {isa = PBXFileReference; fileEncoding = 4; lastKnownFileType = sourcecode.c.objc; path = Reachability.m; sourceTree = "<group>"; };
		84794E241578A582004010F7 /* InternetUtils.h */ = {isa = PBXFileReference; fileEncoding = 4; lastKnownFileType = sourcecode.c.h; path = InternetUtils.h; sourceTree = "<group>"; };
		84794E251578A582004010F7 /* InternetUtils.m */ = {isa = PBXFileReference; fileEncoding = 4; lastKnownFileType = sourcecode.c.objc; path = InternetUtils.m; sourceTree = "<group>"; };
		84794E271578A740004010F7 /* SystemConfiguration.framework */ = {isa = PBXFileReference; lastKnownFileType = wrapper.framework; name = SystemConfiguration.framework; path = System/Library/Frameworks/SystemConfiguration.framework; sourceTree = SDKROOT; };
		847B60CE157C95DD00BC8B89 /* MainViewController.h */ = {isa = PBXFileReference; fileEncoding = 4; lastKnownFileType = sourcecode.c.h; path = MainViewController.h; sourceTree = "<group>"; };
		847B60CF157C95DD00BC8B89 /* MainViewController.m */ = {isa = PBXFileReference; fileEncoding = 4; lastKnownFileType = sourcecode.c.objc; path = MainViewController.m; sourceTree = "<group>"; };
		847B60D0157C95DD00BC8B89 /* MainViewController.xib */ = {isa = PBXFileReference; fileEncoding = 4; lastKnownFileType = file.xib; path = MainViewController.xib; sourceTree = "<group>"; };
		847B60D4157C988700BC8B89 /* PriceTableViewController.h */ = {isa = PBXFileReference; fileEncoding = 4; lastKnownFileType = sourcecode.c.h; path = PriceTableViewController.h; sourceTree = "<group>"; };
		847B60D5157C988700BC8B89 /* PriceTableViewController.m */ = {isa = PBXFileReference; fileEncoding = 4; lastKnownFileType = sourcecode.c.objc; path = PriceTableViewController.m; sourceTree = "<group>"; };
		847B60D7157C98CC00BC8B89 /* MenuTableViewController.h */ = {isa = PBXFileReference; fileEncoding = 4; lastKnownFileType = sourcecode.c.h; path = MenuTableViewController.h; sourceTree = "<group>"; };
		847B60D8157C98CC00BC8B89 /* MenuTableViewController.m */ = {isa = PBXFileReference; fileEncoding = 4; lastKnownFileType = sourcecode.c.objc; path = MenuTableViewController.m; sourceTree = "<group>"; };
		847B60DD157CC66600BC8B89 /* backgorund.png */ = {isa = PBXFileReference; lastKnownFileType = image.png; path = backgorund.png; sourceTree = "<group>"; };
		847B60DF157CC69900BC8B89 /* calc-bg.png */ = {isa = PBXFileReference; lastKnownFileType = image.png; path = "calc-bg.png"; sourceTree = "<group>"; };
		847B60E1157CC6B100BC8B89 /* cell-off.png */ = {isa = PBXFileReference; lastKnownFileType = image.png; path = "cell-off.png"; sourceTree = "<group>"; };
		847B60E2157CC6B100BC8B89 /* cell-on.png */ = {isa = PBXFileReference; lastKnownFileType = image.png; path = "cell-on.png"; sourceTree = "<group>"; };
		847B60E3157CC6B100BC8B89 /* chose-bg.png */ = {isa = PBXFileReference; lastKnownFileType = image.png; path = "chose-bg.png"; sourceTree = "<group>"; };
		847B60E4157CC6B100BC8B89 /* table-mask.png */ = {isa = PBXFileReference; lastKnownFileType = image.png; path = "table-mask.png"; sourceTree = "<group>"; };
		847B60EB157CC97200BC8B89 /* PriceCell.h */ = {isa = PBXFileReference; fileEncoding = 4; lastKnownFileType = sourcecode.c.h; path = PriceCell.h; sourceTree = "<group>"; };
		847B60EC157CC97200BC8B89 /* PriceCell.m */ = {isa = PBXFileReference; fileEncoding = 4; lastKnownFileType = sourcecode.c.objc; path = PriceCell.m; sourceTree = "<group>"; };
		847B60EE157CC9BB00BC8B89 /* PriceCell.xib */ = {isa = PBXFileReference; fileEncoding = 4; lastKnownFileType = file.xib; path = PriceCell.xib; sourceTree = "<group>"; };
		84800196157F327D00457ADB /* chek_top.png */ = {isa = PBXFileReference; lastKnownFileType = image.png; path = chek_top.png; sourceTree = "<group>"; };
		849B2FCE1580907100D53A99 /* icon-114x114.png */ = {isa = PBXFileReference; lastKnownFileType = image.png; name = "icon-114x114.png"; path = "../icon-114x114.png"; sourceTree = "<group>"; };
		84AC123B157F90B900FBD95F /* paper_texture.png */ = {isa = PBXFileReference; lastKnownFileType = image.png; path = paper_texture.png; sourceTree = "<group>"; };
/* End PBXFileReference section */

/* Begin PBXFrameworksBuildPhase section */
		84794DED1578A143004010F7 /* Frameworks */ = {
			isa = PBXFrameworksBuildPhase;
			buildActionMask = 2147483647;
			files = (
				2FA882DD157D48F0005DF341 /* QuartzCore.framework in Frameworks */,
				8478CF581579F103001F0054 /* CoreLocation.framework in Frameworks */,
				84794E281578A740004010F7 /* SystemConfiguration.framework in Frameworks */,
				84794DF51578A143004010F7 /* UIKit.framework in Frameworks */,
				84794DF71578A143004010F7 /* Foundation.framework in Frameworks */,
				84794DF91578A143004010F7 /* CoreGraphics.framework in Frameworks */,
			);
			runOnlyForDeploymentPostprocessing = 0;
		};
/* End PBXFrameworksBuildPhase section */

/* Begin PBXGroup section */
		2FE5085B157D2B280010618B /* Libs */ = {
			isa = PBXGroup;
			children = (
				2FA882D9157D4764005DF341 /* MenuViewController.h */,
				2FA882DA157D4764005DF341 /* MenuViewController.m */,
			);
			name = Libs;
			sourceTree = "<group>";
		};
		8478CF3E1579EF64001F0054 /* JSON */ = {
			isa = PBXGroup;
			children = (
				8478CF401579EF73001F0054 /* JSON.h */,
				8478CF411579EF73001F0054 /* NSObject+SBJSON.h */,
				8478CF421579EF73001F0054 /* NSObject+SBJSON.m */,
				8478CF431579EF73001F0054 /* NSString+SBJSON.h */,
				8478CF441579EF73001F0054 /* NSString+SBJSON.m */,
				8478CF451579EF73001F0054 /* SBJSON.h */,
				8478CF461579EF73001F0054 /* SBJSON.m */,
				8478CF471579EF73001F0054 /* SBJsonBase.h */,
				8478CF481579EF73001F0054 /* SBJsonBase.m */,
				8478CF491579EF73001F0054 /* SBJsonParser.h */,
				8478CF4A1579EF73001F0054 /* SBJsonParser.m */,
				8478CF4B1579EF73001F0054 /* SBJsonWriter.h */,
				8478CF4C1579EF73001F0054 /* SBJsonWriter.m */,
			);
			name = JSON;
			sourceTree = "<group>";
		};
		8478CF531579F0CC001F0054 /* Location Getter */ = {
			isa = PBXGroup;
			children = (
				8478CF541579F0F7001F0054 /* MLocationGetter.h */,
				8478CF551579F0F7001F0054 /* MLocationGetter.m */,
			);
			name = "Location Getter";
			sourceTree = "<group>";
		};
		8478CF63157A12C7001F0054 /* Singletons */ = {
			isa = PBXGroup;
			children = (
				8478CF64157A130C001F0054 /* ApplicationSingleton.h */,
				8478CF65157A130C001F0054 /* ApplicationSingleton.m */,
			);
			name = Singletons;
			sourceTree = "<group>";
		};
		84794DE51578A142004010F7 = {
			isa = PBXGroup;
			children = (
				84794DFA1578A143004010F7 /* FastCalc */,
				84794DF31578A143004010F7 /* Frameworks */,
				84794DF11578A143004010F7 /* Products */,
			);
			sourceTree = "<group>";
		};
		84794DF11578A143004010F7 /* Products */ = {
			isa = PBXGroup;
			children = (
				84794DF01578A143004010F7 /* FastCalc.app */,
			);
			name = Products;
			sourceTree = "<group>";
		};
		84794DF31578A143004010F7 /* Frameworks */ = {
			isa = PBXGroup;
			children = (
				2FA882DC157D48F0005DF341 /* QuartzCore.framework */,
				8478CF571579F103001F0054 /* CoreLocation.framework */,
				84794E271578A740004010F7 /* SystemConfiguration.framework */,
				84794DF41578A143004010F7 /* UIKit.framework */,
				84794DF61578A143004010F7 /* Foundation.framework */,
				84794DF81578A143004010F7 /* CoreGraphics.framework */,
			);
			name = Frameworks;
			sourceTree = "<group>";
		};
		84794DFA1578A143004010F7 /* FastCalc */ = {
			isa = PBXGroup;
			children = (
				2FA882D6157D46E5005DF341 /* DDMenuController.entitlements */,
				847B60DC157CC65500BC8B89 /* Resources */,
				2FE5085B157D2B280010618B /* Libs */,
				84794E111578A1C2004010F7 /* Helpers */,
				84794E131578A26C004010F7 /* Main Controllers */,
				84794E031578A143004010F7 /* AppDelegate.h */,
				84794E041578A143004010F7 /* AppDelegate.m */,
				84794DFB1578A143004010F7 /* Supporting Files */,
			);
			path = FastCalc;
			sourceTree = "<group>";
		};
		84794DFB1578A143004010F7 /* Supporting Files */ = {
			isa = PBXGroup;
			children = (
				84794DFC1578A143004010F7 /* FastCalc-Info.plist */,
				84794DFD1578A143004010F7 /* InfoPlist.strings */,
				84794E001578A143004010F7 /* main.m */,
				84794E021578A143004010F7 /* FastCalc-Prefix.pch */,
			);
			name = "Supporting Files";
			sourceTree = "<group>";
		};
		84794E111578A1C2004010F7 /* Helpers */ = {
			isa = PBXGroup;
			children = (
				8478CF63157A12C7001F0054 /* Singletons */,
				8478CF531579F0CC001F0054 /* Location Getter */,
				8478CF3E1579EF64001F0054 /* JSON */,
				84794E121578A1CC004010F7 /* Internet classes */,
			);
			name = Helpers;
			sourceTree = "<group>";
		};
		84794E121578A1CC004010F7 /* Internet classes */ = {
			isa = PBXGroup;
			children = (
				84794E241578A582004010F7 /* InternetUtils.h */,
				84794E251578A582004010F7 /* InternetUtils.m */,
				84794E211578A569004010F7 /* Reachability.h */,
				84794E221578A569004010F7 /* Reachability.m */,
			);
			name = "Internet classes";
			sourceTree = "<group>";
		};
		84794E131578A26C004010F7 /* Main Controllers */ = {
			isa = PBXGroup;
			children = (
				847B60DB157CBB7D00BC8B89 /* Main Controller */,
				847B60DA157CBB6900BC8B89 /* Choose controller */,
			);
			name = "Main Controllers";
			sourceTree = "<group>";
		};
		847B60DA157CBB6900BC8B89 /* Choose controller */ = {
			isa = PBXGroup;
			children = (
				84794E141578A31B004010F7 /* ChooseViewController.h */,
				84794E151578A31B004010F7 /* ChooseViewController.m */,
				84794E161578A31B004010F7 /* ChooseViewController.xib */,
			);
			name = "Choose controller";
			sourceTree = "<group>";
		};
		847B60DB157CBB7D00BC8B89 /* Main Controller */ = {
			isa = PBXGroup;
			children = (
				847B60CE157C95DD00BC8B89 /* MainViewController.h */,
				847B60CF157C95DD00BC8B89 /* MainViewController.m */,
				847B60D0157C95DD00BC8B89 /* MainViewController.xib */,
				847B60E9157CC92800BC8B89 /* Price Table ViewController */,
				847B60EA157CC93800BC8B89 /* Menu Table View Controller */,
			);
			name = "Main Controller";
			sourceTree = "<group>";
		};
		847B60DC157CC65500BC8B89 /* Resources */ = {
			isa = PBXGroup;
			children = (
				849B2FCE1580907100D53A99 /* icon-114x114.png */,
				84AC123B157F90B900FBD95F /* paper_texture.png */,
				84800196157F327D00457ADB /* chek_top.png */,
				847B60E1157CC6B100BC8B89 /* cell-off.png */,
				847B60E2157CC6B100BC8B89 /* cell-on.png */,
				847B60E3157CC6B100BC8B89 /* chose-bg.png */,
				847B60E4157CC6B100BC8B89 /* table-mask.png */,
				847B60DF157CC69900BC8B89 /* calc-bg.png */,
				847B60DD157CC66600BC8B89 /* backgorund.png */,
			);
			name = Resources;
			sourceTree = "<group>";
		};
		847B60E9157CC92800BC8B89 /* Price Table ViewController */ = {
			isa = PBXGroup;
			children = (
				847B60D4157C988700BC8B89 /* PriceTableViewController.h */,
				847B60D5157C988700BC8B89 /* PriceTableViewController.m */,
				847B60EB157CC97200BC8B89 /* PriceCell.h */,
				847B60EC157CC97200BC8B89 /* PriceCell.m */,
				847B60EE157CC9BB00BC8B89 /* PriceCell.xib */,
			);
			name = "Price Table ViewController";
			sourceTree = "<group>";
		};
		847B60EA157CC93800BC8B89 /* Menu Table View Controller */ = {
			isa = PBXGroup;
			children = (
				847B60D7157C98CC00BC8B89 /* MenuTableViewController.h */,
				847B60D8157C98CC00BC8B89 /* MenuTableViewController.m */,
				844243CD157CCC8000F156A1 /* MenuCell.h */,
				844243CE157CCC8000F156A1 /* MenuCell.m */,
				844243CA157CCC6200F156A1 /* MenuCell.xib */,
			);
			name = "Menu Table View Controller";
			sourceTree = "<group>";
		};
/* End PBXGroup section */

/* Begin PBXNativeTarget section */
		84794DEF1578A143004010F7 /* FastCalc */ = {
			isa = PBXNativeTarget;
			buildConfigurationList = 84794E0E1578A143004010F7 /* Build configuration list for PBXNativeTarget "FastCalc" */;
			buildPhases = (
				84794DEC1578A143004010F7 /* Sources */,
				84794DED1578A143004010F7 /* Frameworks */,
				84794DEE1578A143004010F7 /* Resources */,
			);
			buildRules = (
			);
			dependencies = (
			);
			name = FastCalc;
			productName = FastCalc;
			productReference = 84794DF01578A143004010F7 /* FastCalc.app */;
			productType = "com.apple.product-type.application";
		};
/* End PBXNativeTarget section */

/* Begin PBXProject section */
		84794DE71578A142004010F7 /* Project object */ = {
			isa = PBXProject;
			attributes = {
				LastUpgradeCheck = 0430;
			};
			buildConfigurationList = 84794DEA1578A142004010F7 /* Build configuration list for PBXProject "FastCalc" */;
			compatibilityVersion = "Xcode 3.2";
			developmentRegion = English;
			hasScannedForEncodings = 0;
			knownRegions = (
				en,
			);
			mainGroup = 84794DE51578A142004010F7;
			productRefGroup = 84794DF11578A143004010F7 /* Products */;
			projectDirPath = "";
			projectRoot = "";
			targets = (
				84794DEF1578A143004010F7 /* FastCalc */,
			);
		};
/* End PBXProject section */

/* Begin PBXResourcesBuildPhase section */
		84794DEE1578A143004010F7 /* Resources */ = {
			isa = PBXResourcesBuildPhase;
			buildActionMask = 2147483647;
			files = (
				84794DFF1578A143004010F7 /* InfoPlist.strings in Resources */,
				84794E181578A31B004010F7 /* ChooseViewController.xib in Resources */,
				847B60D2157C95DD00BC8B89 /* MainViewController.xib in Resources */,
				847B60DE157CC66600BC8B89 /* backgorund.png in Resources */,
				847B60E0157CC69900BC8B89 /* calc-bg.png in Resources */,
				847B60E5157CC6B100BC8B89 /* cell-off.png in Resources */,
				847B60E6157CC6B100BC8B89 /* cell-on.png in Resources */,
				847B60E7157CC6B100BC8B89 /* chose-bg.png in Resources */,
				847B60E8157CC6B100BC8B89 /* table-mask.png in Resources */,
				847B60EF157CC9BB00BC8B89 /* PriceCell.xib in Resources */,
				844243CB157CCC6200F156A1 /* MenuCell.xib in Resources */,
				2FA882D7157D46E5005DF341 /* DDMenuController.entitlements in Resources */,
				84800197157F327D00457ADB /* chek_top.png in Resources */,
				84AC123C157F90B900FBD95F /* paper_texture.png in Resources */,
				849B2FCF1580907100D53A99 /* icon-114x114.png in Resources */,
			);
			runOnlyForDeploymentPostprocessing = 0;
		};
/* End PBXResourcesBuildPhase section */

/* Begin PBXSourcesBuildPhase section */
		84794DEC1578A143004010F7 /* Sources */ = {
			isa = PBXSourcesBuildPhase;
			buildActionMask = 2147483647;
			files = (
				84794E011578A143004010F7 /* main.m in Sources */,
				84794E051578A143004010F7 /* AppDelegate.m in Sources */,
				84794E171578A31B004010F7 /* ChooseViewController.m in Sources */,
				84794E231578A569004010F7 /* Reachability.m in Sources */,
				84794E261578A582004010F7 /* InternetUtils.m in Sources */,
				8478CF4D1579EF73001F0054 /* NSObject+SBJSON.m in Sources */,
				8478CF4E1579EF73001F0054 /* NSString+SBJSON.m in Sources */,
				8478CF4F1579EF73001F0054 /* SBJSON.m in Sources */,
				8478CF501579EF73001F0054 /* SBJsonBase.m in Sources */,
				8478CF511579EF73001F0054 /* SBJsonParser.m in Sources */,
				8478CF521579EF73001F0054 /* SBJsonWriter.m in Sources */,
				8478CF561579F0F7001F0054 /* MLocationGetter.m in Sources */,
				8478CF66157A130C001F0054 /* ApplicationSingleton.m in Sources */,
				847B60D1157C95DD00BC8B89 /* MainViewController.m in Sources */,
				847B60D6157C988700BC8B89 /* PriceTableViewController.m in Sources */,
				847B60D9157C98CC00BC8B89 /* MenuTableViewController.m in Sources */,
				847B60ED157CC97200BC8B89 /* PriceCell.m in Sources */,
				844243CF157CCC8000F156A1 /* MenuCell.m in Sources */,
				2FA882DB157D4764005DF341 /* MenuViewController.m in Sources */,
			);
			runOnlyForDeploymentPostprocessing = 0;
		};
/* End PBXSourcesBuildPhase section */

/* Begin PBXVariantGroup section */
		84794DFD1578A143004010F7 /* InfoPlist.strings */ = {
			isa = PBXVariantGroup;
			children = (
				84794DFE1578A143004010F7 /* en */,
			);
			name = InfoPlist.strings;
			sourceTree = "<group>";
		};
/* End PBXVariantGroup section */

/* Begin XCBuildConfiguration section */
		84794E0C1578A143004010F7 /* Debug */ = {
			isa = XCBuildConfiguration;
			buildSettings = {
				ALWAYS_SEARCH_USER_PATHS = NO;
				ARCHS = "$(ARCHS_STANDARD_32_BIT)";
				"CODE_SIGN_IDENTITY[sdk=iphoneos*]" = "iPhone Developer";
				COPY_PHASE_STRIP = NO;
				GCC_C_LANGUAGE_STANDARD = gnu99;
				GCC_DYNAMIC_NO_PIC = NO;
				GCC_OPTIMIZATION_LEVEL = 0;
				GCC_PREPROCESSOR_DEFINITIONS = (
					"DEBUG=1",
					"$(inherited)",
				);
				GCC_SYMBOLS_PRIVATE_EXTERN = NO;
				GCC_VERSION = com.apple.compilers.llvm.clang.1_0;
				GCC_WARN_ABOUT_RETURN_TYPE = YES;
				GCC_WARN_UNINITIALIZED_AUTOS = YES;
				GCC_WARN_UNUSED_VARIABLE = YES;
				IPHONEOS_DEPLOYMENT_TARGET = 4.3;
				SDKROOT = iphoneos;
			};
			name = Debug;
		};
		84794E0D1578A143004010F7 /* Release */ = {
			isa = XCBuildConfiguration;
			buildSettings = {
				ALWAYS_SEARCH_USER_PATHS = NO;
				ARCHS = "$(ARCHS_STANDARD_32_BIT)";
				"CODE_SIGN_IDENTITY[sdk=iphoneos*]" = "iPhone Developer";
				COPY_PHASE_STRIP = YES;
				GCC_C_LANGUAGE_STANDARD = gnu99;
				GCC_VERSION = com.apple.compilers.llvm.clang.1_0;
				GCC_WARN_ABOUT_RETURN_TYPE = YES;
				GCC_WARN_UNINITIALIZED_AUTOS = YES;
				GCC_WARN_UNUSED_VARIABLE = YES;
				IPHONEOS_DEPLOYMENT_TARGET = 4.3;
				OTHER_CFLAGS = "-DNS_BLOCK_ASSERTIONS=1";
				SDKROOT = iphoneos;
				VALIDATE_PRODUCT = YES;
			};
			name = Release;
		};
		84794E0F1578A143004010F7 /* Debug */ = {
			isa = XCBuildConfiguration;
			buildSettings = {
				GCC_PRECOMPILE_PREFIX_HEADER = YES;
				GCC_PREFIX_HEADER = "FastCalc/FastCalc-Prefix.pch";
				INFOPLIST_FILE = "FastCalc/FastCalc-Info.plist";
				IPHONEOS_DEPLOYMENT_TARGET = 4.3;
				PRODUCT_NAME = "$(TARGET_NAME)";
				WRAPPER_EXTENSION = app;
			};
			name = Debug;
		};
		84794E101578A143004010F7 /* Release */ = {
			isa = XCBuildConfiguration;
			buildSettings = {
				GCC_PRECOMPILE_PREFIX_HEADER = YES;
				GCC_PREFIX_HEADER = "FastCalc/FastCalc-Prefix.pch";
				INFOPLIST_FILE = "FastCalc/FastCalc-Info.plist";
				IPHONEOS_DEPLOYMENT_TARGET = 4.3;
				PRODUCT_NAME = "$(TARGET_NAME)";
				WRAPPER_EXTENSION = app;
			};
			name = Release;
		};
/* End XCBuildConfiguration section */

/* Begin XCConfigurationList section */
		84794DEA1578A142004010F7 /* Build configuration list for PBXProject "FastCalc" */ = {
			isa = XCConfigurationList;
			buildConfigurations = (
				84794E0C1578A143004010F7 /* Debug */,
				84794E0D1578A143004010F7 /* Release */,
			);
			defaultConfigurationIsVisible = 0;
			defaultConfigurationName = Release;
		};
		84794E0E1578A143004010F7 /* Build configuration list for PBXNativeTarget "FastCalc" */ = {
			isa = XCConfigurationList;
			buildConfigurations = (
				84794E0F1578A143004010F7 /* Debug */,
				84794E101578A143004010F7 /* Release */,
			);
			defaultConfigurationIsVisible = 0;
			defaultConfigurationName = Release;
		};
/* End XCConfigurationList section */
	};
	rootObject = 84794DE71578A142004010F7 /* Project object */;
}
